
Microsoft Visual Studio Solution File, Format Version 12.00
# Visual Studio Version 16
VisualStudioVersion = 16.0.31112.23
MinimumVisualStudioVersion = 10.0.40219.1
Project("{FAE04EC0-301F-11D3-BF4B-00C04F79EFBC}") = "App3.Android", "App3\App3.Android\App3.Android.csproj", "{F644FCFD-7C18-4386-B10B-E97ED2EDCAFF}"
EndProject
Project("{FAE04EC0-301F-11D3-BF4B-00C04F79EFBC}") = "App3.iOS", "App3\App3.iOS\App3.iOS.csproj", "{C080C9F9-6ED9-4D2C-8BB2-B301DBF8982A}"
EndProject
Project("{FAE04EC0-301F-11D3-BF4B-00C04F79EFBC}") = "App3", "App3\App3\App3.csproj", "{069DC02B-2A30-4CE1-9BC8-F650B9C77C43}"
EndProject
Global
	GlobalSection(SolutionConfigurationPlatforms) = preSolution
		Debug|Any CPU = Debug|Any CPU
		Debug|iPhone = Debug|iPhone
		Debug|iPhoneSimulator = Debug|iPhoneSimulator
		Release|Any CPU = Release|Any CPU
		Release|iPhone = Release|iPhone
		Release|iPhoneSimulator = Release|iPhoneSimulator
	EndGlobalSection
	GlobalSection(ProjectConfigurationPlatforms) = postSolution
		{F644FCFD-7C18-4386-B10B-E97ED2EDCAFF}.Debug|Any CPU.ActiveCfg = Debug|Any CPU
		{F644FCFD-7C18-4386-B10B-E97ED2EDCAFF}.Debug|Any CPU.Build.0 = Debug|Any CPU
		{F644FCFD-7C18-4386-B10B-E97ED2EDCAFF}.Debug|Any CPU.Deploy.0 = Debug|Any CPU
		{F644FCFD-7C18-4386-B10B-E97ED2EDCAFF}.Debug|iPhone.ActiveCfg = Debug|Any CPU
		{F644FCFD-7C18-4386-B10B-E97ED2EDCAFF}.Debug|iPhone.Build.0 = Debug|Any CPU
		{F644FCFD-7C18-4386-B10B-E97ED2EDCAFF}.Debug|iPhone.Deploy.0 = Debug|Any CPU
		{F644FCFD-7C18-4386-B10B-E97ED2EDCAFF}.Debug|iPhoneSimulator.ActiveCfg = Debug|Any CPU
		{F644FCFD-7C18-4386-B10B-E97ED2EDCAFF}.Debug|iPhoneSimulator.Build.0 = Debug|Any CPU
		{F644FCFD-7C18-4386-B10B-E97ED2EDCAFF}.Debug|iPhoneSimulator.Deploy.0 = Debug|Any CPU
		{F644FCFD-7C18-4386-B10B-E97ED2EDCAFF}.Release|Any CPU.ActiveCfg = Release|Any CPU
		{F644FCFD-7C18-4386-B10B-E97ED2EDCAFF}.Release|Any CPU.Build.0 = Release|Any CPU
		{F644FCFD-7C18-4386-B10B-E97ED2EDCAFF}.Release|Any CPU.Deploy.0 = Release|Any CPU
		{F644FCFD-7C18-4386-B10B-E97ED2EDCAFF}.Release|iPhone.ActiveCfg = Release|Any CPU
		{F644FCFD-7C18-4386-B10B-E97ED2EDCAFF}.Release|iPhone.Build.0 = Release|Any CPU
		{F644FCFD-7C18-4386-B10B-E97ED2EDCAFF}.Release|iPhone.Deploy.0 = Release|Any CPU
		{F644FCFD-7C18-4386-B10B-E97ED2EDCAFF}.Release|iPhoneSimulator.ActiveCfg = Release|Any CPU
		{F644FCFD-7C18-4386-B10B-E97ED2EDCAFF}.Release|iPhoneSimulator.Build.0 = Release|Any CPU
		{F644FCFD-7C18-4386-B10B-E97ED2EDCAFF}.Release|iPhoneSimulator.Deploy.0 = Release|Any CPU
		{C080C9F9-6ED9-4D2C-8BB2-B301DBF8982A}.Debug|Any CPU.ActiveCfg = Debug|iPhone
		{C080C9F9-6ED9-4D2C-8BB2-B301DBF8982A}.Debug|Any CPU.Build.0 = Debug|iPhone
		{C080C9F9-6ED9-4D2C-8BB2-B301DBF8982A}.Debug|Any CPU.Deploy.0 = Debug|iPhone
		{C080C9F9-6ED9-4D2C-8BB2-B301DBF8982A}.Debug|iPhone.ActiveCfg = Debug|iPhone
		{C080C9F9-6ED9-4D2C-8BB2-B301DBF8982A}.Debug|iPhone.Build.0 = Debug|iPhone
		{C080C9F9-6ED9-4D2C-8BB2-B301DBF8982A}.Debug|iPhone.Deploy.0 = Debug|iPhone
		{C080C9F9-6ED9-4D2C-8BB2-B301DBF8982A}.Debug|iPhoneSimulator.ActiveCfg = Debug|iPhoneSimulator
		{C080C9F9-6ED9-4D2C-8BB2-B301DBF8982A}.Debug|iPhoneSimulator.Build.0 = Debug|iPhoneSimulator
		{C080C9F9-6ED9-4D2C-8BB2-B301DBF8982A}.Debug|iPhoneSimulator.Deploy.0 = Debug|iPhoneSimulator
		{C080C9F9-6ED9-4D2C-8BB2-B301DBF8982A}.Release|Any CPU.ActiveCfg = Release|iPhoneSimulator
		{C080C9F9-6ED9-4D2C-8BB2-B301DBF8982A}.Release|Any CPU.Build.0 = Release|iPhoneSimulator
		{C080C9F9-6ED9-4D2C-8BB2-B301DBF8982A}.Release|Any CPU.Deploy.0 = Release|iPhoneSimulator
		{C080C9F9-6ED9-4D2C-8BB2-B301DBF8982A}.Release|iPhone.ActiveCfg = Release|iPhone
		{C080C9F9-6ED9-4D2C-8BB2-B301DBF8982A}.Release|iPhone.Build.0 = Release|iPhone
		{C080C9F9-6ED9-4D2C-8BB2-B301DBF8982A}.Release|iPhone.Deploy.0 = Release|iPhone
		{C080C9F9-6ED9-4D2C-8BB2-B301DBF8982A}.Release|iPhoneSimulator.ActiveCfg = Release|iPhoneSimulator
		{C080C9F9-6ED9-4D2C-8BB2-B301DBF8982A}.Release|iPhoneSimulator.Build.0 = Release|iPhoneSimulator
		{C080C9F9-6ED9-4D2C-8BB2-B301DBF8982A}.Release|iPhoneSimulator.Deploy.0 = Release|iPhoneSimulator
		{069DC02B-2A30-4CE1-9BC8-F650B9C77C43}.Debug|Any CPU.ActiveCfg = Debug|Any CPU
		{069DC02B-2A30-4CE1-9BC8-F650B9C77C43}.Debug|Any CPU.Build.0 = Debug|Any CPU
		{069DC02B-2A30-4CE1-9BC8-F650B9C77C43}.Debug|Any CPU.Deploy.0 = Debug|Any CPU
		{069DC02B-2A30-4CE1-9BC8-F650B9C77C43}.Debug|iPhone.ActiveCfg = Debug|Any CPU
		{069DC02B-2A30-4CE1-9BC8-F650B9C77C43}.Debug|iPhone.Build.0 = Debug|Any CPU
		{069DC02B-2A30-4CE1-9BC8-F650B9C77C43}.Debug|iPhone.Deploy.0 = Debug|Any CPU
		{069DC02B-2A30-4CE1-9BC8-F650B9C77C43}.Debug|iPhoneSimulator.ActiveCfg = Debug|Any CPU
		{069DC02B-2A30-4CE1-9BC8-F650B9C77C43}.Debug|iPhoneSimulator.Build.0 = Debug|Any CPU
		{069DC02B-2A30-4CE1-9BC8-F650B9C77C43}.Debug|iPhoneSimulator.Deploy.0 = Debug|Any CPU
		{069DC02B-2A30-4CE1-9BC8-F650B9C77C43}.Release|Any CPU.ActiveCfg = Release|Any CPU
		{069DC02B-2A30-4CE1-9BC8-F650B9C77C43}.Release|Any CPU.Build.0 = Release|Any CPU
		{069DC02B-2A30-4CE1-9BC8-F650B9C77C43}.Release|Any CPU.Deploy.0 = Release|Any CPU
		{069DC02B-2A30-4CE1-9BC8-F650B9C77C43}.Release|iPhone.ActiveCfg = Release|Any CPU
		{069DC02B-2A30-4CE1-9BC8-F650B9C77C43}.Release|iPhone.Build.0 = Release|Any CPU
		{069DC02B-2A30-4CE1-9BC8-F650B9C77C43}.Release|iPhone.Deploy.0 = Release|Any CPU
		{069DC02B-2A30-4CE1-9BC8-F650B9C77C43}.Release|iPhoneSimulator.ActiveCfg = Release|Any CPU
		{069DC02B-2A30-4CE1-9BC8-F650B9C77C43}.Release|iPhoneSimulator.Build.0 = Release|Any CPU
		{069DC02B-2A30-4CE1-9BC8-F650B9C77C43}.Release|iPhoneSimulator.Deploy.0 = Release|Any CPU
	EndGlobalSection
	GlobalSection(SolutionProperties) = preSolution
		HideSolutionNode = FALSE
	EndGlobalSection
	GlobalSection(ExtensibilityGlobals) = postSolution
		SolutionGuid = {59E48066-2E1A-4FCC-B469-4172CAF6BD6E}
	EndGlobalSection
EndGlobal
